// !$*UTF8*$!
{
	archiveVersion = 1;
	classes = {
	};
	objectVersion = 56;
	objects = {

/* Begin PBXBuildFile section */
		878E1ABA2F4F9F0B00F97897 /* cake_time_iosApp.swift in Sources */ = {isa = PBXBuildFile; fileRef = 878E1AB92F4F9F0B00F97897 /* cake_time_iosApp.swift */; };
		878E1ABC2F4F9F0B00F97897 /* ContentView.swift in Sources */ = {isa = PBXBuildFile; fileRef = 878E1ABB2F4F9F0B00F97897 /* ContentView.swift */; };
		878E1ABE2F4F9F0C00F97897 /* Assets.xcassets in Resources */ = {isa = PBXBuildFile; fileRef = 878E1ABD2F4F9F0C00F97897 /* Assets.xcassets */; };
		878E1AC12F4F9F0C00F97897 /* Preview Assets.xcassets in Resources */ = {isa = PBXBuildFile; fileRef = 878E1AC02F4F9F0C00F97897 /* Preview Assets.xcassets */; };
		878E1AC72F4F9F0C00F97897 /* AppConfig.swift in Sources */ = {isa = PBXBuildFile; fileRef = 878E1AC72F4F9F0C00F97896 /* AppConfig.swift */; };
		878E1AC82F4F9F0C00F97897 /* Birthday.swift in Sources */ = {isa = PBXBuildFile; fileRef = 878E1AC82F4F9F0C00F97896 /* Birthday.swift */; };
		878E1AC92F4F9F0C00F97897 /* AuthService.swift in Sources */ = {isa = PBXBuildFile; fileRef = 878E1AC92F4F9F0C00F97896 /* AuthService.swift */; };
		878E1ACA2F4F9F0C00F97897 /* BirthdayService.swift in Sources */ = {isa = PBXBuildFile; fileRef = 878E1ACA2F4F9F0C00F97896 /* BirthdayService.swift */; };
		878E1ACB2F4F9F0C00F97897 /* Theme.swift in Sources */ = {isa = PBXBuildFile; fileRef = 878E1ACB2F4F9F0C00F97896 /* Theme.swift */; };
		878E1ACC2F4F9F0C00F97897 /* LandingView.swift in Sources */ = {isa = PBXBuildFile; fileRef = 878E1ACC2F4F9F0C00F97896 /* LandingView.swift */; };
		878E1ACD2F4F9F0C00F97897 /* LoginView.swift in Sources */ = {isa = PBXBuildFile; fileRef = 878E1ACD2F4F9F0C00F97896 /* LoginView.swift */; };
		878E1ACE2F4F9F0C00F97897 /* RegisterView.swift in Sources */ = {isa = PBXBuildFile; fileRef = 878E1ACE2F4F9F0C00F97896 /* RegisterView.swift */; };
		878E1ACF2F4F9F0C00F97897 /* HomeView.swift in Sources */ = {isa = PBXBuildFile; fileRef = 878E1ACF2F4F9F0C00F97896 /* HomeView.swift */; };
		878E1AD02F4F9F0C00F97897 /* BirthdayFormSheet.swift in Sources */ = {isa = PBXBuildFile; fileRef = 878E1AD02F4F9F0C00F97896 /* BirthdayFormSheet.swift */; };
/* End PBXBuildFile section */

/* Begin PBXFileReference section */
		878E1AB62F4F9F0B00F97897 /* cake-time-ios.app */ = {isa = PBXFileReference; explicitFileType = wrapper.application; includeInIndex = 0; path = "cake-time-ios.app"; sourceTree = BUILT_PRODUCTS_DIR; };
		878E1AB92F4F9F0B00F97897 /* cake_time_iosApp.swift */ = {isa = PBXFileReference; lastKnownFileType = sourcecode.swift; path = cake_time_iosApp.swift; sourceTree = "<group>"; };
		878E1ABB2F4F9F0B00F97897 /* ContentView.swift */ = {isa = PBXFileReference; lastKnownFileType = sourcecode.swift; path = ContentView.swift; sourceTree = "<group>"; };
		878E1ABD2F4F9F0C00F97897 /* Assets.xcassets */ = {isa = PBXFileReference; lastKnownFileType = folder.assetcatalog; path = Assets.xcassets; sourceTree = "<group>"; };
		878E1AC02F4F9F0C00F97897 /* Preview Assets.xcassets */ = {isa = PBXFileReference; lastKnownFileType = folder.assetcatalog; path = "Preview Assets.xcassets"; sourceTree = "<group>"; };
		878E1AC72F4F9F0C00F97896 /* AppConfig.swift */ = {isa = PBXFileReference; lastKnownFileType = sourcecode.swift; path = AppConfig.swift; sourceTree = "<group>"; };
		878E1AC82F4F9F0C00F97896 /* Birthday.swift */ = {isa = PBXFileReference; lastKnownFileType = sourcecode.swift; path = Birthday.swift; sourceTree = "<group>"; };
		878E1AC92F4F9F0C00F97896 /* AuthService.swift */ = {isa = PBXFileReference; lastKnownFileType = sourcecode.swift; path = AuthService.swift; sourceTree = "<group>"; };
		878E1ACA2F4F9F0C00F97896 /* BirthdayService.swift */ = {isa = PBXFileReference; lastKnownFileType = sourcecode.swift; path = BirthdayService.swift; sourceTree = "<group>"; };
		878E1ACB2F4F9F0C00F97896 /* Theme.swift */ = {isa = PBXFileReference; lastKnownFileType = sourcecode.swift; path = Theme.swift; sourceTree = "<group>"; };
		878E1ACC2F4F9F0C00F97896 /* LandingView.swift */ = {isa = PBXFileReference; lastKnownFileType = sourcecode.swift; path = LandingView.swift; sourceTree = "<group>"; };
		878E1ACD2F4F9F0C00F97896 /* LoginView.swift */ = {isa = PBXFileReference; lastKnownFileType = sourcecode.swift; path = LoginView.swift; sourceTree = "<group>"; };
		878E1ACE2F4F9F0C00F97896 /* RegisterView.swift */ = {isa = PBXFileReference; lastKnownFileType = sourcecode.swift; path = RegisterView.swift; sourceTree = "<group>"; };
		878E1ACF2F4F9F0C00F97896 /* HomeView.swift */ = {isa = PBXFileReference; lastKnownFileType = sourcecode.swift; path = HomeView.swift; sourceTree = "<group>"; };
		878E1AD02F4F9F0C00F97896 /* BirthdayFormSheet.swift */ = {isa = PBXFileReference; lastKnownFileType = sourcecode.swift; path = BirthdayFormSheet.swift; sourceTree = "<group>"; };
		878E1AD12F4F9F0C00F97896 /* Info.plist */ = {isa = PBXFileReference; lastKnownFileType = text.plist.xml; path = Info.plist; sourceTree = "<group>"; };
/* End PBXFileReference section */

/* Begin PBXFrameworksBuildPhase section */
		878E1AB32F4F9F0B00F97897 /* Frameworks */ = {
			isa = PBXFrameworksBuildPhase;
			buildActionMask = 2147483647;
			files = (
			);
			runOnlyForDeploymentPostprocessing = 0;
		};
/* End PBXFrameworksBuildPhase section */

/* Begin PBXGroup section */
		878E1AAD2F4F9F0B00F97897 = {
			isa = PBXGroup;
			children = (
				878E1AB82F4F9F0B00F97897 /* cake-time-ios */,
				878E1AB72F4F9F0B00F97897 /* Products */,
			);
			sourceTree = "<group>";
		};
		878E1AB72F4F9F0B00F97897 /* Products */ = {
			isa = PBXGroup;
			children = (
				878E1AB62F4F9F0B00F97897 /* cake-time-ios.app */,
			);
			name = Products;
			sourceTree = "<group>";
		};
		878E1AB82F4F9F0B00F97897 /* cake-time-ios */ = {
			isa = PBXGroup;
			children = (
				878E1AB92F4F9F0B00F97897 /* cake_time_iosApp.swift */,
				878E1ABB2F4F9F0B00F97897 /* ContentView.swift */,
				878E1AD12F4F9F0C00F97896 /* Info.plist */,
				878E1AC72F4F9F0C00F97896 /* AppConfig.swift */,
				878E1ABE2F4F9F0C00F97896 /* Models */,
				878E1ABF2F4F9F0C00F97896 /* Services */,
				878E1AC02F4F9F0C00F97896 /* Theme */,
				878E1AC12F4F9F0C00F97896 /* Views */,
				878E1ABD2F4F9F0C00F97897 /* Assets.xcassets */,
				878E1ABF2F4F9F0C00F97897 /* Preview Content */,
			);
			path = "cake-time-ios";
			sourceTree = "<group>";
		};
		878E1ABE2F4F9F0C00F97896 /* Models */ = {
			isa = PBXGroup;
			children = (
				878E1AC82F4F9F0C00F97896 /* Birthday.swift */,
			);
			path = Models;
			sourceTree = "<group>";
		};
		878E1ABF2F4F9F0C00F97896 /* Services */ = {
			isa = PBXGroup;
			children = (
				878E1AC92F4F9F0C00F97896 /* AuthService.swift */,
				878E1ACA2F4F9F0C00F97896 /* BirthdayService.swift */,
			);
			path = Services;
			sourceTree = "<group>";
		};
		878E1AC02F4F9F0C00F97896 /* Theme */ = {
			isa = PBXGroup;
			children = (
				878E1ACB2F4F9F0C00F97896 /* Theme.swift */,
			);
			path = Theme;
			sourceTree = "<group>";
		};
		878E1AC12F4F9F0C00F97896 /* Views */ = {
			isa = PBXGroup;
			children = (
				878E1ACC2F4F9F0C00F97896 /* LandingView.swift */,
				878E1ACD2F4F9F0C00F97896 /* LoginView.swift */,
				878E1ACE2F4F9F0C00F97896 /* RegisterView.swift */,
				878E1ACF2F4F9F0C00F97896 /* HomeView.swift */,
				878E1AD02F4F9F0C00F97896 /* BirthdayFormSheet.swift */,
			);
			path = Views;
			sourceTree = "<group>";
		};
		878E1ABF2F4F9F0C00F97897 /* Preview Content */ = {
			isa = PBXGroup;
			children = (
				878E1AC02F4F9F0C00F97897 /* Preview Assets.xcassets */,
			);
			path = "Preview Content";
			sourceTree = "<group>";
		};
/* End PBXGroup section */

/* Begin PBXNativeTarget section */
		878E1AB52F4F9F0B00F97897 /* cake-time-ios */ = {
			isa = PBXNativeTarget;
			buildConfigurationList = 878E1AC42F4F9F0C00F97897 /* Build configuration list for PBXNativeTarget "cake-time-ios" */;
			buildPhases = (
				878E1AB22F4F9F0B00F97897 /* Sources */,
				878E1AB32F4F9F0B00F97897 /* Frameworks */,
				878E1AB42F4F9F0B00F97897 /* Resources */,
			);
			buildRules = (
			);
			dependencies = (
			);
			name = "cake-time-ios";
			productName = "cake-time-ios";
			productReference = 878E1AB62F4F9F0B00F97897 /* cake-time-ios.app */;
			productType = "com.apple.product-type.application";
		};
/* End PBXNativeTarget section */

/* Begin PBXProject section */
		878E1AAE2F4F9F0B00F97897 /* Project object */ = {
			isa = PBXProject;
			attributes = {
				BuildIndependentTargetsInParallel = 1;
				LastSwiftUpdateCheck = 1540;
				LastUpgradeCheck = 1540;
				TargetAttributes = {
					878E1AB52F4F9F0B00F97897 = {
						CreatedOnToolsVersion = 15.4;
					};
				};
			};
			buildConfigurationList = 878E1AB12F4F9F0B00F97897 /* Build configuration list for PBXProject "cake-time-ios" */;
			compatibilityVersion = "Xcode 14.0";
			developmentRegion = en;
			hasScannedForEncodings = 0;
			knownRegions = (
				en,
				Base,
			);
			mainGroup = 878E1AAD2F4F9F0B00F97897;
			productRefGroup = 878E1AB72F4F9F0B00F97897 /* Products */;
			projectDirPath = "";
			projectRoot = "";
			targets = (
				878E1AB52F4F9F0B00F97897 /* cake-time-ios */,
			);
		};
/* End PBXProject section */

/* Begin PBXResourcesBuildPhase section */
		878E1AB42F4F9F0B00F97897 /* Resources */ = {
			isa = PBXResourcesBuildPhase;
			buildActionMask = 2147483647;
			files = (
				878E1AC12F4F9F0C00F97897 /* Preview Assets.xcassets in Resources */,
				878E1ABE2F4F9F0C00F97897 /* Assets.xcassets in Resources */,
			);
			runOnlyForDeploymentPostprocessing = 0;
		};
/* End PBXResourcesBuildPhase section */

/* Begin PBXSourcesBuildPhase section */
		878E1AB22F4F9F0B00F97897 /* Sources */ = {
			isa = PBXSourcesBuildPhase;
			buildActionMask = 2147483647;
			files = (
				878E1ABA2F4F9F0B00F97897 /* cake_time_iosApp.swift in Sources */,
				878E1ABC2F4F9F0B00F97897 /* ContentView.swift in Sources */,
				878E1AC72F4F9F0C00F97897 /* AppConfig.swift in Sources */,
				878E1AC82F4F9F0C00F97897 /* Birthday.swift in Sources */,
				878E1AC92F4F9F0C00F97897 /* AuthService.swift in Sources */,
				878E1ACA2F4F9F0C00F97897 /* BirthdayService.swift in Sources */,
				878E1ACB2F4F9F0C00F97897 /* Theme.swift in Sources */,
				878E1ACC2F4F9F0C00F97897 /* LandingView.swift in Sources */,
				878E1ACD2F4F9F0C00F97897 /* LoginView.swift in Sources */,
				878E1ACE2F4F9F0C00F97897 /* RegisterView.swift in Sources */,
				878E1ACF2F4F9F0C00F97897 /* HomeView.swift in Sources */,
				878E1AD02F4F9F0C00F97897 /* BirthdayFormSheet.swift in Sources */,
			);
			runOnlyForDeploymentPostprocessing = 0;
		};
/* End PBXSourcesBuildPhase section */

/* Begin XCBuildConfiguration section */
		878E1AC22F4F9F0C00F97897 /* Debug */ = {
			isa = XCBuildConfiguration;
			buildSettings = {
				ALWAYS_SEARCH_USER_PATHS = NO;
				ASSETCATALOG_COMPILER_GENERATE_SWIFT_ASSET_SYMBOL_EXTENSIONS = YES;
				CLANG_ANALYZER_NONNULL = YES;
				CLANG_ANALYZER_NUMBER_OBJECT_CONVERSION = YES_AGGRESSIVE;
				CLANG_CXX_LANGUAGE_STANDARD = "gnu++20";
				CLANG_ENABLE_MODULES = YES;
				CLANG_ENABLE_OBJC_ARC = YES;
				CLANG_ENABLE_OBJC_WEAK = YES;
				CLANG_WARN_BLOCK_CAPTURE_AUTORELEASING = YES;
				CLANG_WARN_BOOL_CONVERSION = YES;
				CLANG_WARN_COMMA = YES;
				CLANG_WARN_CONSTANT_CONVERSION = YES;
				CLANG_WARN_DEPRECATED_OBJC_IMPLEMENTATIONS = YES;
				CLANG_WARN_DIRECT_OBJC_ISA_USAGE = YES_ERROR;
				CLANG_WARN_DOCUMENTATION_COMMENTS = YES;
				CLANG_WARN_EMPTY_BODY = YES;
				CLANG_WARN_ENUM_CONVERSION = YES;
				CLANG_WARN_INFINITE_RECURSION = YES;
				CLANG_WARN_INT_CONVERSION = YES;
				CLANG_WARN_NON_LITERAL_NULL_CONVERSION = YES;
				CLANG_WARN_OBJC_IMPLICIT_RETAIN_SELF = YES;
				CLANG_WARN_OBJC_LITERAL_CONVERSION = YES;
				CLANG_WARN_OBJC_ROOT_CLASS = YES_ERROR;
				CLANG_WARN_QUOTED_INCLUDE_IN_FRAMEWORK_HEADER = YES;
				CLANG_WARN_RANGE_LOOP_ANALYSIS = YES;
				CLANG_WARN_STRICT_PROTOTYPES = YES;
				CLANG_WARN_SUSPICIOUS_MOVE = YES;
				CLANG_WARN_UNGUARDED_AVAILABILITY = YES_AGGRESSIVE;
				CLANG_WARN_UNREACHABLE_CODE = YES;
				CLANG_WARN__DUPLICATE_METHOD_MATCH = YES;
				COPY_PHASE_STRIP = NO;
				DEBUG_INFORMATION_FORMAT = dwarf;
				ENABLE_STRICT_OBJC_MSGSEND = YES;
				ENABLE_TESTABILITY = YES;
				ENABLE_USER_SCRIPT_SANDBOXING = YES;
				GCC_C_LANGUAGE_STANDARD = gnu17;
				GCC_DYNAMIC_NO_PIC = NO;
				GCC_NO_COMMON_BLOCKS = YES;
				GCC_OPTIMIZATION_LEVEL = 0;
				GCC_PREPROCESSOR_DEFINITIONS = (
					"DEBUG=1",
					"$(inherited)",
				);
				GCC_WARN_64_TO_32_BIT_CONVERSION = YES;
				GCC_WARN_ABOUT_RETURN_TYPE = YES_ERROR;
				GCC_WARN_UNDECLARED_SELECTOR = YES;
				GCC_WARN_UNINITIALIZED_AUTOS = YES_AGGRESSIVE;
				GCC_WARN_UNUSED_FUNCTION = YES;
				GCC_WARN_UNUSED_VARIABLE = YES;
				IPHONEOS_DEPLOYMENT_TARGET = 17.5;
				LOCALIZATION_PREFERS_STRING_CATALOGS = YES;
				MTL_ENABLE_DEBUG_INFO = INCLUDE_SOURCE;
				MTL_FAST_MATH = YES;
				ONLY_ACTIVE_ARCH = YES;
				SDKROOT = iphoneos;
				SWIFT_ACTIVE_COMPILATION_CONDITIONS = "DEBUG $(inherited)";
				SWIFT_OPTIMIZATION_LEVEL = "-Onone";
			};
			name = Debug;
		};
		878E1AC32F4F9F0C00F97897 /* Release */ = {
			isa = XCBuildConfiguration;
			buildSettings = {
				ALWAYS_SEARCH_USER_PATHS = NO;
				ASSETCATALOG_COMPILER_GENERATE_SWIFT_ASSET_SYMBOL_EXTENSIONS = YES;
				CLANG_ANALYZER_NONNULL = YES;
				CLANG_ANALYZER_NUMBER_OBJECT_CONVERSION = YES_AGGRESSIVE;
				CLANG_CXX_LANGUAGE_STANDARD = "gnu++20";
				CLANG_ENABLE_MODULES = YES;
				CLANG_ENABLE_OBJC_ARC = YES;
				CLANG_ENABLE_OBJC_WEAK = YES;
				CLANG_WARN_BLOCK_CAPTURE_AUTORELEASING = YES;
				CLANG_WARN_BOOL_CONVERSION = YES;
				CLANG_WARN_COMMA = YES;
				CLANG_WARN_CONSTANT_CONVERSION = YES;
				CLANG_WARN_DEPRECATED_OBJC_IMPLEMENTATIONS = YES;
				CLANG_WARN_DIRECT_OBJC_ISA_USAGE = YES_ERROR;
				CLANG_WARN_DOCUMENTATION_COMMENTS = YES;
				CLANG_WARN_EMPTY_BODY = YES;
				CLANG_WARN_ENUM_CONVERSION = YES;
				CLANG_WARN_INFINITE_RECURSION = YES;
				CLANG_WARN_INT_CONVERSION = YES;
				CLANG_WARN_NON_LITERAL_NULL_CONVERSION = YES;
				CLANG_WARN_OBJC_IMPLICIT_RETAIN_SELF = YES;
				CLANG_WARN_OBJC_LITERAL_CONVERSION = YES;
				CLANG_WARN_OBJC_ROOT_CLASS = YES_ERROR;
				CLANG_WARN_QUOTED_INCLUDE_IN_FRAMEWORK_HEADER = YES;
				CLANG_WARN_RANGE_LOOP_ANALYSIS = YES;
				CLANG_WARN_STRICT_PROTOTYPES = YES;
				CLANG_WARN_SUSPICIOUS_MOVE = YES;
				CLANG_WARN_UNGUARDED_AVAILABILITY = YES_AGGRESSIVE;
				CLANG_WARN_UNREACHABLE_CODE = YES;
				CLANG_WARN__DUPLICATE_METHOD_MATCH = YES;
				COPY_PHASE_STRIP = NO;
				DEBUG_INFORMATION_FORMAT = "dwarf-with-dsym";
				ENABLE_NS_ASSERTIONS = NO;
				ENABLE_STRICT_OBJC_MSGSEND = YES;
				ENABLE_USER_SCRIPT_SANDBOXING = YES;
				GCC_C_LANGUAGE_STANDARD = gnu17;
				GCC_NO_COMMON_BLOCKS = YES;
				GCC_WARN_64_TO_32_BIT_CONVERSION = YES;
				GCC_WARN_ABOUT_RETURN_TYPE = YES_ERROR;
				GCC_WARN_UNDECLARED_SELECTOR = YES;
				GCC_WARN_UNINITIALIZED_AUTOS = YES_AGGRESSIVE;
				GCC_WARN_UNUSED_FUNCTION = YES;
				GCC_WARN_UNUSED_VARIABLE = YES;
				IPHONEOS_DEPLOYMENT_TARGET = 17.5;
				LOCALIZATION_PREFERS_STRING_CATALOGS = YES;
				MTL_ENABLE_DEBUG_INFO = NO;
				MTL_FAST_MATH = YES;
				SDKROOT = iphoneos;
				SWIFT_COMPILATION_MODE = wholemodule;
				VALIDATE_PRODUCT = YES;
			};
			name = Release;
		};
		878E1AC52F4F9F0C00F97897 /* Debug */ = {
			isa = XCBuildConfiguration;
			buildSettings = {
				ASSETCATALOG_COMPILER_APPICON_NAME = AppIcon;
				ASSETCATALOG_COMPILER_GLOBAL_ACCENT_COLOR_NAME = AccentColor;
				CODE_SIGN_STYLE = Automatic;
				CURRENT_PROJECT_VERSION = 1;
				DEVELOPMENT_ASSET_PATHS = "\"cake-time-ios/Preview Content\"";
				DEVELOPMENT_TEAM = K388V9423D;
				ENABLE_PREVIEWS = YES;
				GENERATE_INFOPLIST_FILE = YES;
				INFOPLIST_FILE = "cake-time-ios/Info.plist";
				INFOPLIST_KEY_UIApplicationSceneManifest_Generation = YES;
				INFOPLIST_KEY_UIApplicationSupportsIndirectInputEvents = YES;
				INFOPLIST_KEY_UILaunchScreen_Generation = YES;
				INFOPLIST_KEY_UISupportedInterfaceOrientations_iPad = "UIInterfaceOrientationPortrait UIInterfaceOrientationPortraitUpsideDown UIInterfaceOrientationLandscapeLeft UIInterfaceOrientationLandscapeRight";
				INFOPLIST_KEY_UISupportedInterfaceOrientations_iPhone = "UIInterfaceOrientationPortrait UIInterfaceOrientationLandscapeLeft UIInterfaceOrientationLandscapeRight";
				LD_RUNPATH_SEARCH_PATHS = (
					"$(inherited)",
					"@executable_path/Frameworks",
				);
				MARKETING_VERSION = 1.0;
				PRODUCT_BUNDLE_IDENTIFIER = "akimender.cake-time-ios";
				PRODUCT_NAME = "$(TARGET_NAME)";
				SWIFT_EMIT_LOC_STRINGS = YES;
				SWIFT_VERSION = 5.0;
				TARGETED_DEVICE_FAMILY = "1,2";
			};
			name = Debug;
		};
		878E1AC62F4F9F0C00F97897 /* Release */ = {
			isa = XCBuildConfiguration;
			buildSettings = {
				ASSETCATALOG_COMPILER_APPICON_NAME = AppIcon;
				ASSETCATALOG_COMPILER_GLOBAL_ACCENT_COLOR_NAME = AccentColor;
				CODE_SIGN_STYLE = Automatic;
				CURRENT_PROJECT_VERSION = 1;
				DEVELOPMENT_ASSET_PATHS = "\"cake-time-ios/Preview Content\"";
				DEVELOPMENT_TEAM = K388V9423D;
				ENABLE_PREVIEWS = YES;
				GENERATE_INFOPLIST_FILE = YES;
				INFOPLIST_FILE = "cake-time-ios/Info.plist";
				INFOPLIST_KEY_UIApplicationSceneManifest_Generation = YES;
				INFOPLIST_KEY_UIApplicationSupportsIndirectInputEvents = YES;
				INFOPLIST_KEY_UILaunchScreen_Generation = YES;
				INFOPLIST_KEY_UISupportedInterfaceOrientations_iPad = "UIInterfaceOrientationPortrait UIInterfaceOrientationPortraitUpsideDown UIInterfaceOrientationLandscapeLeft UIInterfaceOrientationLandscapeRight";
				INFOPLIST_KEY_UISupportedInterfaceOrientations_iPhone = "UIInterfaceOrientationPortrait UIInterfaceOrientationLandscapeLeft UIInterfaceOrientationLandscapeRight";
				LD_RUNPATH_SEARCH_PATHS = (
					"$(inherited)",
					"@executable_path/Frameworks",
				);
				MARKETING_VERSION = 1.0;
				PRODUCT_BUNDLE_IDENTIFIER = "akimender.cake-time-ios";
				PRODUCT_NAME = "$(TARGET_NAME)";
				SWIFT_EMIT_LOC_STRINGS = YES;
				SWIFT_VERSION = 5.0;
				TARGETED_DEVICE_FAMILY = "1,2";
			};
			name = Release;
		};
/* End XCBuildConfiguration section */

/* Begin XCConfigurationList section */
		878E1AB12F4F9F0B00F97897 /* Build configuration list for PBXProject "cake-time-ios" */ = {
			isa = XCConfigurationList;
			buildConfigurations = (
				878E1AC22F4F9F0C00F97897 /* Debug */,
				878E1AC32F4F9F0C00F97897 /* Release */,
			);
			defaultConfigurationIsVisible = 0;
			defaultConfigurationName = Release;
		};
		878E1AC42F4F9F0C00F97897 /* Build configuration list for PBXNativeTarget "cake-time-ios" */ = {
			isa = XCConfigurationList;
			buildConfigurations = (
				878E1AC52F4F9F0C00F97897 /* Debug */,
				878E1AC62F4F9F0C00F97897 /* Release */,
			);
			defaultConfigurationIsVisible = 0;
			defaultConfigurationName = Release;
		};
/* End XCConfigurationList section */
	};
	rootObject = 878E1AAE2F4F9F0B00F97897 /* Project object */;
}
